{
  "originHash" : "62a95c6c7f8a761f01eb7f66198a663d7bb78f611f32f1306cbbfc0b30d00ac8",
  "pins" : [
    {
      "identity" : "alamofire",
      "kind" : "remoteSourceControl",
      "location" : "https://github.com/Alamofire/Alamofire",
      "state" : {
        "revision" : "f455c2975872ccd2d9c81594c658af65716e9b9a",
        "version" : "5.9.1"
      }
    },
    {
      "identity" : "mide-core",
      "kind" : "remoteSourceControl",
      "location" : "https://github.com/Fostahh/MIDE-Core.git",
      "state" : {
        "revision" : "249301152fc323816978c7377b5dc079edc319ab",
        "version" : "1.0.0"
      }
    },
    {
      "identity" : "realm-core",
      "kind" : "remoteSourceControl",
      "location" : "https://github.com/realm/realm-core.git",
      "state" : {
        "revision" : "c2552e1d36867cb42b28130e894a81fc17081062",
        "version" : "14.12.0"
      }
    },
    {
      "identity" : "realm-swift",
      "kind" : "remoteSourceControl",
      "location" : "https://github.com/realm/realm-swift",
      "state" : {
        "branch" : "master",
        "revision" : "7ffcc1165fe335b793f59c5a4ff0d472fcc1625a"
      }
    }
  ],
  "version" : 3
}
