// !$*UTF8*$!
{
	archiveVersion = 1;
	classes = {
	};
	objectVersion = 55;
	objects = {

/* Begin PBXBuildFile section */
		A15DAB53296AC30500D31118 /* AppDelegate.swift in Sources */ = {isa = PBXBuildFile; fileRef = A15DAB52296AC30500D31118 /* AppDelegate.swift */; };
		A15DAB55296AC30500D31118 /* SceneDelegate.swift in Sources */ = {isa = PBXBuildFile; fileRef = A15DAB54296AC30500D31118 /* SceneDelegate.swift */; };
		A15DAB5C296AC30700D31118 /* Assets.xcassets in Resources */ = {isa = PBXBuildFile; fileRef = A15DAB5B296AC30700D31118 /* Assets.xcassets */; };
		A15DAB5F296AC30700D31118 /* LaunchScreen.storyboard in Resources */ = {isa = PBXBuildFile; fileRef = A15DAB5D296AC30700D31118 /* LaunchScreen.storyboard */; };
		D50B87AE2C7ACE2E0021BA8E /* Home in Frameworks */ = {isa = PBXBuildFile; productRef = D50B87AD2C7ACE2E0021BA8E /* Home */; };
		D51C1F2C2C7B76AC000785B7 /* DetailGame in Resources */ = {isa = PBXBuildFile; fileRef = D51C1F2B2C7B76AC000785B7 /* DetailGame */; };
		D51C1F2E2C7B76B5000785B7 /* DetailGame in Frameworks */ = {isa = PBXBuildFile; productRef = D51C1F2D2C7B76B5000785B7 /* DetailGame */; };
		D53E750D2C7B719E008E719D /* Favorite in Resources */ = {isa = PBXBuildFile; fileRef = D53E750C2C7B719E008E719D /* Favorite */; };
		D55A0FE82C7B73FC00ED29F0 /* Favorite in Frameworks */ = {isa = PBXBuildFile; productRef = D55A0FE72C7B73FC00ED29F0 /* Favorite */; };
		D55D2F282C79DAF100AAC262 /* Common in Frameworks */ = {isa = PBXBuildFile; productRef = D55D2F272C79DAF100AAC262 /* Common */; };
		D574CD422C7A003600A12FFC /* MainFlowController.swift in Sources */ = {isa = PBXBuildFile; fileRef = D574CD412C7A003600A12FFC /* MainFlowController.swift */; };
		D574CD442C7A0E9F00A12FFC /* Core in Frameworks */ = {isa = PBXBuildFile; productRef = D574CD432C7A0E9F00A12FFC /* Core */; };
		D574CD462C7A0EAB00A12FFC /* Common in Frameworks */ = {isa = PBXBuildFile; productRef = D574CD452C7A0EAB00A12FFC /* Common */; };
		D584427E2C7B59D20007792F /* Biodata in Resources */ = {isa = PBXBuildFile; fileRef = D584427D2C7B59D20007792F /* Biodata */; };
		D58442812C7B5C3C0007792F /* Biodata in Frameworks */ = {isa = PBXBuildFile; productRef = D58442802C7B5C3C0007792F /* Biodata */; };
		D5A0A1AD2C7BA27C00DAF153 /* SubmissionFundamentaliOSUITests.swift in Sources */ = {isa = PBXBuildFile; fileRef = D5A0A1AC2C7BA27C00DAF153 /* SubmissionFundamentaliOSUITests.swift */; };
		D5A0A1AF2C7BA27C00DAF153 /* SubmissionFundamentaliOSUITestsLaunchTests.swift in Sources */ = {isa = PBXBuildFile; fileRef = D5A0A1AE2C7BA27C00DAF153 /* SubmissionFundamentaliOSUITestsLaunchTests.swift */; };
		D5A0A1BC2C7BA28B00DAF153 /* SubmissionFundamentaliOSTests.swift in Sources */ = {isa = PBXBuildFile; fileRef = D5A0A1BB2C7BA28B00DAF153 /* SubmissionFundamentaliOSTests.swift */; };
		D5DC77242C7AE1080081D22C /* Home in Resources */ = {isa = PBXBuildFile; fileRef = D5DC77232C7AE1080081D22C /* Home */; };
		D5DC77262C7AE1E20081D22C /* Common in Resources */ = {isa = PBXBuildFile; fileRef = D5DC77252C7AE1E20081D22C /* Common */; };
		D5FE4C032C79CFB0002615C9 /* Core in Frameworks */ = {isa = PBXBuildFile; productRef = D5FE4C022C79CFB0002615C9 /* Core */; };
/* End PBXBuildFile section */

/* Begin PBXContainerItemProxy section */
		D5A0A1B02C7BA27C00DAF153 /* PBXContainerItemProxy */ = {
			isa = PBXContainerItemProxy;
			containerPortal = A15DAB47296AC30500D31118 /* Project object */;
			proxyType = 1;
			remoteGlobalIDString = A15DAB4E296AC30500D31118;
			remoteInfo = "Submission Fundamental iOS";
		};
		D5A0A1BD2C7BA28B00DAF153 /* PBXContainerItemProxy */ = {
			isa = PBXContainerItemProxy;
			containerPortal = A15DAB47296AC30500D31118 /* Project object */;
			proxyType = 1;
			remoteGlobalIDString = A15DAB4E296AC30500D31118;
			remoteInfo = "Submission Fundamental iOS";
		};
/* End PBXContainerItemProxy section */

/* Begin PBXFileReference section */
		A15DAB4F296AC30500D31118 /* Submission Fundamental iOS.app */ = {isa = PBXFileReference; explicitFileType = wrapper.application; includeInIndex = 0; path = "Submission Fundamental iOS.app"; sourceTree = BUILT_PRODUCTS_DIR; };
		A15DAB52296AC30500D31118 /* AppDelegate.swift */ = {isa = PBXFileReference; lastKnownFileType = sourcecode.swift; path = AppDelegate.swift; sourceTree = "<group>"; };
		A15DAB54296AC30500D31118 /* SceneDelegate.swift */ = {isa = PBXFileReference; lastKnownFileType = sourcecode.swift; path = SceneDelegate.swift; sourceTree = "<group>"; };
		A15DAB5B296AC30700D31118 /* Assets.xcassets */ = {isa = PBXFileReference; lastKnownFileType = folder.assetcatalog; path = Assets.xcassets; sourceTree = "<group>"; };
		A15DAB5E296AC30700D31118 /* Base */ = {isa = PBXFileReference; lastKnownFileType = file.storyboard; name = Base; path = Base.lproj/LaunchScreen.storyboard; sourceTree = "<group>"; };
		A15DAB60296AC30700D31118 /* Info.plist */ = {isa = PBXFileReference; lastKnownFileType = text.plist.xml; path = Info.plist; sourceTree = "<group>"; };
		D51C1F2B2C7B76AC000785B7 /* DetailGame */ = {isa = PBXFileReference; lastKnownFileType = wrapper; path = DetailGame; sourceTree = "<group>"; };
		D53E750C2C7B719E008E719D /* Favorite */ = {isa = PBXFileReference; lastKnownFileType = wrapper; path = Favorite; sourceTree = "<group>"; };
		D574CD412C7A003600A12FFC /* MainFlowController.swift */ = {isa = PBXFileReference; lastKnownFileType = sourcecode.swift; path = MainFlowController.swift; sourceTree = "<group>"; };
		D584427D2C7B59D20007792F /* Biodata */ = {isa = PBXFileReference; lastKnownFileType = wrapper; path = Biodata; sourceTree = "<group>"; };
		D5A0A1AA2C7BA27C00DAF153 /* Submission Fundamental iOS UITests.xctest */ = {isa = PBXFileReference; explicitFileType = wrapper.cfbundle; includeInIndex = 0; path = "Submission Fundamental iOS UITests.xctest"; sourceTree = BUILT_PRODUCTS_DIR; };
		D5A0A1AC2C7BA27C00DAF153 /* SubmissionFundamentaliOSUITests.swift */ = {isa = PBXFileReference; lastKnownFileType = sourcecode.swift; path = SubmissionFundamentaliOSUITests.swift; sourceTree = "<group>"; };
		D5A0A1AE2C7BA27C00DAF153 /* SubmissionFundamentaliOSUITestsLaunchTests.swift */ = {isa = PBXFileReference; lastKnownFileType = sourcecode.swift; path = SubmissionFundamentaliOSUITestsLaunchTests.swift; sourceTree = "<group>"; };
		D5A0A1B92C7BA28B00DAF153 /* Submission Fundamental iOS Tests.xctest */ = {isa = PBXFileReference; explicitFileType = wrapper.cfbundle; includeInIndex = 0; path = "Submission Fundamental iOS Tests.xctest"; sourceTree = BUILT_PRODUCTS_DIR; };
		D5A0A1BB2C7BA28B00DAF153 /* SubmissionFundamentaliOSTests.swift */ = {isa = PBXFileReference; lastKnownFileType = sourcecode.swift; path = SubmissionFundamentaliOSTests.swift; sourceTree = "<group>"; };
		D5DC77232C7AE1080081D22C /* Home */ = {isa = PBXFileReference; lastKnownFileType = wrapper; path = Home; sourceTree = "<group>"; };
		D5DC77252C7AE1E20081D22C /* Common */ = {isa = PBXFileReference; lastKnownFileType = wrapper; path = Common; sourceTree = "<group>"; };
/* End PBXFileReference section */

/* Begin PBXFrameworksBuildPhase section */
		A15DAB4C296AC30500D31118 /* Frameworks */ = {
			isa = PBXFrameworksBuildPhase;
			buildActionMask = 2147483647;
			files = (
				D5FE4C032C79CFB0002615C9 /* Core in Frameworks */,
				D55D2F282C79DAF100AAC262 /* Common in Frameworks */,
				D574CD442C7A0E9F00A12FFC /* Core in Frameworks */,
				D58442812C7B5C3C0007792F /* Biodata in Frameworks */,
				D50B87AE2C7ACE2E0021BA8E /* Home in Frameworks */,
				D574CD462C7A0EAB00A12FFC /* Common in Frameworks */,
				D55A0FE82C7B73FC00ED29F0 /* Favorite in Frameworks */,
				D51C1F2E2C7B76B5000785B7 /* DetailGame in Frameworks */,
			);
			runOnlyForDeploymentPostprocessing = 0;
		};
		D5A0A1A72C7BA27C00DAF153 /* Frameworks */ = {
			isa = PBXFrameworksBuildPhase;
			buildActionMask = 2147483647;
			files = (
			);
			runOnlyForDeploymentPostprocessing = 0;
		};
		D5A0A1B62C7BA28B00DAF153 /* Frameworks */ = {
			isa = PBXFrameworksBuildPhase;
			buildActionMask = 2147483647;
			files = (
			);
			runOnlyForDeploymentPostprocessing = 0;
		};
/* End PBXFrameworksBuildPhase section */

/* Begin PBXGroup section */
		A15DAB46296AC30500D31118 = {
			isa = PBXGroup;
			children = (
				A15DAB51296AC30500D31118 /* Submission Fundamental iOS */,
				D5A0A1AB2C7BA27C00DAF153 /* Submission Fundamental iOS UITests */,
				D5A0A1BA2C7BA28B00DAF153 /* Submission Fundamental iOS Tests */,
				A15DAB50296AC30500D31118 /* Products */,
				D584427F2C7B5C3C0007792F /* Frameworks */,
			);
			sourceTree = "<group>";
		};
		A15DAB50296AC30500D31118 /* Products */ = {
			isa = PBXGroup;
			children = (
				A15DAB4F296AC30500D31118 /* Submission Fundamental iOS.app */,
				D5A0A1AA2C7BA27C00DAF153 /* Submission Fundamental iOS UITests.xctest */,
				D5A0A1B92C7BA28B00DAF153 /* Submission Fundamental iOS Tests.xctest */,
			);
			name = Products;
			sourceTree = "<group>";
		};
		A15DAB51296AC30500D31118 /* Submission Fundamental iOS */ = {
			isa = PBXGroup;
			children = (
				A15DAB68296AC3A600D31118 /* Module */,
				A15DAB67296AC39700D31118 /* App */,
				A15DAB66296AC35100D31118 /* File System */,
			);
			path = "Submission Fundamental iOS";
			sourceTree = "<group>";
		};
		A15DAB66296AC35100D31118 /* File System */ = {
			isa = PBXGroup;
			children = (
				A15DAB5B296AC30700D31118 /* Assets.xcassets */,
				A15DAB60296AC30700D31118 /* Info.plist */,
				A15DAB5D296AC30700D31118 /* LaunchScreen.storyboard */,
			);
			path = "File System";
			sourceTree = "<group>";
		};
		A15DAB67296AC39700D31118 /* App */ = {
			isa = PBXGroup;
			children = (
				A15DAB52296AC30500D31118 /* AppDelegate.swift */,
				A15DAB54296AC30500D31118 /* SceneDelegate.swift */,
				D574CD412C7A003600A12FFC /* MainFlowController.swift */,
			);
			path = App;
			sourceTree = "<group>";
		};
		A15DAB68296AC3A600D31118 /* Module */ = {
			isa = PBXGroup;
			children = (
				D51C1F2B2C7B76AC000785B7 /* DetailGame */,
				D53E750C2C7B719E008E719D /* Favorite */,
				D584427D2C7B59D20007792F /* Biodata */,
				D5DC77252C7AE1E20081D22C /* Common */,
				D5DC77232C7AE1080081D22C /* Home */,
			);
			path = Module;
			sourceTree = "<group>";
		};
		D584427F2C7B5C3C0007792F /* Frameworks */ = {
			isa = PBXGroup;
			children = (
			);
			name = Frameworks;
			sourceTree = "<group>";
		};
		D5A0A1AB2C7BA27C00DAF153 /* Submission Fundamental iOS UITests */ = {
			isa = PBXGroup;
			children = (
				D5A0A1AC2C7BA27C00DAF153 /* SubmissionFundamentaliOSUITests.swift */,
				D5A0A1AE2C7BA27C00DAF153 /* SubmissionFundamentaliOSUITestsLaunchTests.swift */,
			);
			path = "Submission Fundamental iOS UITests";
			sourceTree = "<group>";
		};
		D5A0A1BA2C7BA28B00DAF153 /* Submission Fundamental iOS Tests */ = {
			isa = PBXGroup;
			children = (
				D5A0A1BB2C7BA28B00DAF153 /* SubmissionFundamentaliOSTests.swift */,
			);
			path = "Submission Fundamental iOS Tests";
			sourceTree = "<group>";
		};
/* End PBXGroup section */

/* Begin PBXNativeTarget section */
		A15DAB4E296AC30500D31118 /* Submission Fundamental iOS */ = {
			isa = PBXNativeTarget;
			buildConfigurationList = A15DAB63296AC30700D31118 /* Build configuration list for PBXNativeTarget "Submission Fundamental iOS" */;
			buildPhases = (
				A15DAB4B296AC30500D31118 /* Sources */,
				A15DAB4C296AC30500D31118 /* Frameworks */,
				A15DAB4D296AC30500D31118 /* Resources */,
				A15DAB71296AC48D00D31118 /* ShellScript */,
			);
			buildRules = (
			);
			dependencies = (
			);
			name = "Submission Fundamental iOS";
			packageProductDependencies = (
				D5FE4C022C79CFB0002615C9 /* Core */,
				D55D2F272C79DAF100AAC262 /* Common */,
				D574CD432C7A0E9F00A12FFC /* Core */,
				D574CD452C7A0EAB00A12FFC /* Common */,
				D50B87AD2C7ACE2E0021BA8E /* Home */,
				D58442802C7B5C3C0007792F /* Biodata */,
				D55A0FE72C7B73FC00ED29F0 /* Favorite */,
				D51C1F2D2C7B76B5000785B7 /* DetailGame */,
			);
			productName = "Submission Fundamental iOS";
			productReference = A15DAB4F296AC30500D31118 /* Submission Fundamental iOS.app */;
			productType = "com.apple.product-type.application";
		};
		D5A0A1A92C7BA27C00DAF153 /* Submission Fundamental iOS UITests */ = {
			isa = PBXNativeTarget;
			buildConfigurationList = D5A0A1B22C7BA27C00DAF153 /* Build configuration list for PBXNativeTarget "Submission Fundamental iOS UITests" */;
			buildPhases = (
				D5A0A1A62C7BA27C00DAF153 /* Sources */,
				D5A0A1A72C7BA27C00DAF153 /* Frameworks */,
				D5A0A1A82C7BA27C00DAF153 /* Resources */,
			);
			buildRules = (
			);
			dependencies = (
				D5A0A1B12C7BA27C00DAF153 /* PBXTargetDependency */,
			);
			name = "Submission Fundamental iOS UITests";
			productName = "Submission Fundamental iOS UITests";
			productReference = D5A0A1AA2C7BA27C00DAF153 /* Submission Fundamental iOS UITests.xctest */;
			productType = "com.apple.product-type.bundle.ui-testing";
		};
		D5A0A1B82C7BA28B00DAF153 /* Submission Fundamental iOS Tests */ = {
			isa = PBXNativeTarget;
			buildConfigurationList = D5A0A1BF2C7BA28B00DAF153 /* Build configuration list for PBXNativeTarget "Submission Fundamental iOS Tests" */;
			buildPhases = (
				D5A0A1B52C7BA28B00DAF153 /* Sources */,
				D5A0A1B62C7BA28B00DAF153 /* Frameworks */,
				D5A0A1B72C7BA28B00DAF153 /* Resources */,
			);
			buildRules = (
			);
			dependencies = (
				D5A0A1BE2C7BA28B00DAF153 /* PBXTargetDependency */,
			);
			name = "Submission Fundamental iOS Tests";
			productName = "Submission Fundamental iOS Tests";
			productReference = D5A0A1B92C7BA28B00DAF153 /* Submission Fundamental iOS Tests.xctest */;
			productType = "com.apple.product-type.bundle.unit-test";
		};
/* End PBXNativeTarget section */

/* Begin PBXProject section */
		A15DAB47296AC30500D31118 /* Project object */ = {
			isa = PBXProject;
			attributes = {
				BuildIndependentTargetsInParallel = 1;
				LastSwiftUpdateCheck = 1540;
				LastUpgradeCheck = 1340;
				TargetAttributes = {
					A15DAB4E296AC30500D31118 = {
						CreatedOnToolsVersion = 13.4.1;
					};
					D5A0A1A92C7BA27C00DAF153 = {
						CreatedOnToolsVersion = 15.4;
						TestTargetID = A15DAB4E296AC30500D31118;
					};
					D5A0A1B82C7BA28B00DAF153 = {
						CreatedOnToolsVersion = 15.4;
						TestTargetID = A15DAB4E296AC30500D31118;
					};
				};
			};
			buildConfigurationList = A15DAB4A296AC30500D31118 /* Build configuration list for PBXProject "Submission Fundamental iOS" */;
			compatibilityVersion = "Xcode 13.0";
			developmentRegion = en;
			hasScannedForEncodings = 0;
			knownRegions = (
				en,
				Base,
			);
			mainGroup = A15DAB46296AC30500D31118;
			packageReferences = (
			);
			productRefGroup = A15DAB50296AC30500D31118 /* Products */;
			projectDirPath = "";
			projectRoot = "";
			targets = (
				A15DAB4E296AC30500D31118 /* Submission Fundamental iOS */,
				D5A0A1A92C7BA27C00DAF153 /* Submission Fundamental iOS UITests */,
				D5A0A1B82C7BA28B00DAF153 /* Submission Fundamental iOS Tests */,
			);
		};
/* End PBXProject section */

/* Begin PBXResourcesBuildPhase section */
		A15DAB4D296AC30500D31118 /* Resources */ = {
			isa = PBXResourcesBuildPhase;
			buildActionMask = 2147483647;
			files = (
				A15DAB5F296AC30700D31118 /* LaunchScreen.storyboard in Resources */,
				A15DAB5C296AC30700D31118 /* Assets.xcassets in Resources */,
				D53E750D2C7B719E008E719D /* Favorite in Resources */,
				D584427E2C7B59D20007792F /* Biodata in Resources */,
				D5DC77262C7AE1E20081D22C /* Common in Resources */,
				D5DC77242C7AE1080081D22C /* Home in Resources */,
				D51C1F2C2C7B76AC000785B7 /* DetailGame in Resources */,
			);
			runOnlyForDeploymentPostprocessing = 0;
		};
		D5A0A1A82C7BA27C00DAF153 /* Resources */ = {
			isa = PBXResourcesBuildPhase;
			buildActionMask = 2147483647;
			files = (
			);
			runOnlyForDeploymentPostprocessing = 0;
		};
		D5A0A1B72C7BA28B00DAF153 /* Resources */ = {
			isa = PBXResourcesBuildPhase;
			buildActionMask = 2147483647;
			files = (
			);
			runOnlyForDeploymentPostprocessing = 0;
		};
/* End PBXResourcesBuildPhase section */

/* Begin PBXShellScriptBuildPhase section */
		A15DAB71296AC48D00D31118 /* ShellScript */ = {
			isa = PBXShellScriptBuildPhase;
			alwaysOutOfDate = 1;
			buildActionMask = 2147483647;
			files = (
			);
			inputFileListPaths = (
			);
			inputPaths = (
			);
			outputFileListPaths = (
			);
			outputPaths = (
			);
			runOnlyForDeploymentPostprocessing = 0;
			shellPath = /bin/sh;
			shellScript = "if [[ \"$(uname -m)\" == arm64 ]]; then\n    export PATH=\"/opt/homebrew/bin:$PATH\"\nfi\n\nif which swiftlint > /dev/null; then\n  swiftlint\nelse\n  echo \"warning: SwiftLint not installed, download from https://github.com/realm/SwiftLint\"\nfi\n";
		};
/* End PBXShellScriptBuildPhase section */

/* Begin PBXSourcesBuildPhase section */
		A15DAB4B296AC30500D31118 /* Sources */ = {
			isa = PBXSourcesBuildPhase;
			buildActionMask = 2147483647;
			files = (
				D574CD422C7A003600A12FFC /* MainFlowController.swift in Sources */,
				A15DAB53296AC30500D31118 /* AppDelegate.swift in Sources */,
				A15DAB55296AC30500D31118 /* SceneDelegate.swift in Sources */,
			);
			runOnlyForDeploymentPostprocessing = 0;
		};
		D5A0A1A62C7BA27C00DAF153 /* Sources */ = {
			isa = PBXSourcesBuildPhase;
			buildActionMask = 2147483647;
			files = (
				D5A0A1AF2C7BA27C00DAF153 /* SubmissionFundamentaliOSUITestsLaunchTests.swift in Sources */,
				D5A0A1AD2C7BA27C00DAF153 /* SubmissionFundamentaliOSUITests.swift in Sources */,
			);
			runOnlyForDeploymentPostprocessing = 0;
		};
		D5A0A1B52C7BA28B00DAF153 /* Sources */ = {
			isa = PBXSourcesBuildPhase;
			buildActionMask = 2147483647;
			files = (
				D5A0A1BC2C7BA28B00DAF153 /* SubmissionFundamentaliOSTests.swift in Sources */,
			);
			runOnlyForDeploymentPostprocessing = 0;
		};
/* End PBXSourcesBuildPhase section */

/* Begin PBXTargetDependency section */
		D5A0A1B12C7BA27C00DAF153 /* PBXTargetDependency */ = {
			isa = PBXTargetDependency;
			target = A15DAB4E296AC30500D31118 /* Submission Fundamental iOS */;
			targetProxy = D5A0A1B02C7BA27C00DAF153 /* PBXContainerItemProxy */;
		};
		D5A0A1BE2C7BA28B00DAF153 /* PBXTargetDependency */ = {
			isa = PBXTargetDependency;
			target = A15DAB4E296AC30500D31118 /* Submission Fundamental iOS */;
			targetProxy = D5A0A1BD2C7BA28B00DAF153 /* PBXContainerItemProxy */;
		};
/* End PBXTargetDependency section */

/* Begin PBXVariantGroup section */
		A15DAB5D296AC30700D31118 /* LaunchScreen.storyboard */ = {
			isa = PBXVariantGroup;
			children = (
				A15DAB5E296AC30700D31118 /* Base */,
			);
			name = LaunchScreen.storyboard;
			sourceTree = "<group>";
		};
/* End PBXVariantGroup section */

/* Begin XCBuildConfiguration section */
		A15DAB61296AC30700D31118 /* Debug */ = {
			isa = XCBuildConfiguration;
			buildSettings = {
				ALWAYS_SEARCH_USER_PATHS = NO;
				CLANG_ANALYZER_LOCALIZABILITY_NONLOCALIZED = YES;
				CLANG_ANALYZER_NONNULL = YES;
				CLANG_ANALYZER_NUMBER_OBJECT_CONVERSION = YES_AGGRESSIVE;
				CLANG_CXX_LANGUAGE_STANDARD = "gnu++17";
				CLANG_ENABLE_MODULES = YES;
				CLANG_ENABLE_OBJC_ARC = YES;
				CLANG_ENABLE_OBJC_WEAK = YES;
				CLANG_WARN_BLOCK_CAPTURE_AUTORELEASING = YES;
				CLANG_WARN_BOOL_CONVERSION = YES;
				CLANG_WARN_COMMA = YES;
				CLANG_WARN_CONSTANT_CONVERSION = YES;
				CLANG_WARN_DEPRECATED_OBJC_IMPLEMENTATIONS = YES;
				CLANG_WARN_DIRECT_OBJC_ISA_USAGE = YES_ERROR;
				CLANG_WARN_DOCUMENTATION_COMMENTS = YES;
				CLANG_WARN_EMPTY_BODY = YES;
				CLANG_WARN_ENUM_CONVERSION = YES;
				CLANG_WARN_INFINITE_RECURSION = YES;
				CLANG_WARN_INT_CONVERSION = YES;
				CLANG_WARN_NON_LITERAL_NULL_CONVERSION = YES;
				CLANG_WARN_OBJC_IMPLICIT_RETAIN_SELF = YES;
				CLANG_WARN_OBJC_LITERAL_CONVERSION = YES;
				CLANG_WARN_OBJC_ROOT_CLASS = YES_ERROR;
				CLANG_WARN_QUOTED_INCLUDE_IN_FRAMEWORK_HEADER = YES;
				CLANG_WARN_RANGE_LOOP_ANALYSIS = YES;
				CLANG_WARN_STRICT_PROTOTYPES = YES;
				CLANG_WARN_SUSPICIOUS_MOVE = YES;
				CLANG_WARN_UNGUARDED_AVAILABILITY = YES_AGGRESSIVE;
				CLANG_WARN_UNREACHABLE_CODE = YES;
				CLANG_WARN__DUPLICATE_METHOD_MATCH = YES;
				COPY_PHASE_STRIP = NO;
				DEBUG_INFORMATION_FORMAT = dwarf;
				ENABLE_STRICT_OBJC_MSGSEND = YES;
				ENABLE_TESTABILITY = YES;
				GCC_C_LANGUAGE_STANDARD = gnu11;
				GCC_DYNAMIC_NO_PIC = NO;
				GCC_NO_COMMON_BLOCKS = YES;
				GCC_OPTIMIZATION_LEVEL = 0;
				GCC_PREPROCESSOR_DEFINITIONS = (
					"DEBUG=1",
					"$(inherited)",
				);
				GCC_WARN_64_TO_32_BIT_CONVERSION = YES;
				GCC_WARN_ABOUT_RETURN_TYPE = YES_ERROR;
				GCC_WARN_UNDECLARED_SELECTOR = YES;
				GCC_WARN_UNINITIALIZED_AUTOS = YES_AGGRESSIVE;
				GCC_WARN_UNUSED_FUNCTION = YES;
				GCC_WARN_UNUSED_VARIABLE = YES;
				IPHONEOS_DEPLOYMENT_TARGET = 15.5;
				MTL_ENABLE_DEBUG_INFO = INCLUDE_SOURCE;
				MTL_FAST_MATH = YES;
				ONLY_ACTIVE_ARCH = YES;
				SDKROOT = iphoneos;
				SWIFT_ACTIVE_COMPILATION_CONDITIONS = DEBUG;
				SWIFT_OPTIMIZATION_LEVEL = "-Onone";
			};
			name = Debug;
		};
		A15DAB62296AC30700D31118 /* Release */ = {
			isa = XCBuildConfiguration;
			buildSettings = {
				ALWAYS_SEARCH_USER_PATHS = NO;
				CLANG_ANALYZER_LOCALIZABILITY_NONLOCALIZED = YES;
				CLANG_ANALYZER_NONNULL = YES;
				CLANG_ANALYZER_NUMBER_OBJECT_CONVERSION = YES_AGGRESSIVE;
				CLANG_CXX_LANGUAGE_STANDARD = "gnu++17";
				CLANG_ENABLE_MODULES = YES;
				CLANG_ENABLE_OBJC_ARC = YES;
				CLANG_ENABLE_OBJC_WEAK = YES;
				CLANG_WARN_BLOCK_CAPTURE_AUTORELEASING = YES;
				CLANG_WARN_BOOL_CONVERSION = YES;
				CLANG_WARN_COMMA = YES;
				CLANG_WARN_CONSTANT_CONVERSION = YES;
				CLANG_WARN_DEPRECATED_OBJC_IMPLEMENTATIONS = YES;
				CLANG_WARN_DIRECT_OBJC_ISA_USAGE = YES_ERROR;
				CLANG_WARN_DOCUMENTATION_COMMENTS = YES;
				CLANG_WARN_EMPTY_BODY = YES;
				CLANG_WARN_ENUM_CONVERSION = YES;
				CLANG_WARN_INFINITE_RECURSION = YES;
				CLANG_WARN_INT_CONVERSION = YES;
				CLANG_WARN_NON_LITERAL_NULL_CONVERSION = YES;
				CLANG_WARN_OBJC_IMPLICIT_RETAIN_SELF = YES;
				CLANG_WARN_OBJC_LITERAL_CONVERSION = YES;
				CLANG_WARN_OBJC_ROOT_CLASS = YES_ERROR;
				CLANG_WARN_QUOTED_INCLUDE_IN_FRAMEWORK_HEADER = YES;
				CLANG_WARN_RANGE_LOOP_ANALYSIS = YES;
				CLANG_WARN_STRICT_PROTOTYPES = YES;
				CLANG_WARN_SUSPICIOUS_MOVE = YES;
				CLANG_WARN_UNGUARDED_AVAILABILITY = YES_AGGRESSIVE;
				CLANG_WARN_UNREACHABLE_CODE = YES;
				CLANG_WARN__DUPLICATE_METHOD_MATCH = YES;
				COPY_PHASE_STRIP = NO;
				DEBUG_INFORMATION_FORMAT = "dwarf-with-dsym";
				ENABLE_NS_ASSERTIONS = NO;
				ENABLE_STRICT_OBJC_MSGSEND = YES;
				GCC_C_LANGUAGE_STANDARD = gnu11;
				GCC_NO_COMMON_BLOCKS = YES;
				GCC_WARN_64_TO_32_BIT_CONVERSION = YES;
				GCC_WARN_ABOUT_RETURN_TYPE = YES_ERROR;
				GCC_WARN_UNDECLARED_SELECTOR = YES;
				GCC_WARN_UNINITIALIZED_AUTOS = YES_AGGRESSIVE;
				GCC_WARN_UNUSED_FUNCTION = YES;
				GCC_WARN_UNUSED_VARIABLE = YES;
				IPHONEOS_DEPLOYMENT_TARGET = 15.5;
				MTL_ENABLE_DEBUG_INFO = NO;
				MTL_FAST_MATH = YES;
				SDKROOT = iphoneos;
				SWIFT_COMPILATION_MODE = wholemodule;
				SWIFT_OPTIMIZATION_LEVEL = "-O";
				VALIDATE_PRODUCT = YES;
			};
			name = Release;
		};
		A15DAB64296AC30700D31118 /* Debug */ = {
			isa = XCBuildConfiguration;
			buildSettings = {
				ASSETCATALOG_COMPILER_APPICON_NAME = AppIcon;
				ASSETCATALOG_COMPILER_GLOBAL_ACCENT_COLOR_NAME = AccentColor;
				CODE_SIGN_STYLE = Automatic;
				CURRENT_PROJECT_VERSION = 1;
				DEVELOPMENT_TEAM = PKLN85RDQ6;
				GENERATE_INFOPLIST_FILE = YES;
				INFOPLIST_FILE = "Submission Fundamental iOS/File System/Info.plist";
				INFOPLIST_KEY_UIApplicationSupportsIndirectInputEvents = YES;
				INFOPLIST_KEY_UILaunchStoryboardName = LaunchScreen;
				INFOPLIST_KEY_UISupportedInterfaceOrientations_iPad = "UIInterfaceOrientationPortrait UIInterfaceOrientationPortraitUpsideDown UIInterfaceOrientationLandscapeLeft UIInterfaceOrientationLandscapeRight";
				INFOPLIST_KEY_UISupportedInterfaceOrientations_iPhone = "UIInterfaceOrientationPortrait UIInterfaceOrientationLandscapeLeft UIInterfaceOrientationLandscapeRight";
				LD_RUNPATH_SEARCH_PATHS = (
					"$(inherited)",
					"@executable_path/Frameworks",
				);
				MARKETING_VERSION = 1.0;
				PRODUCT_BUNDLE_IDENTIFIER = "com.mohammadazri.Submission-Fundamental-iOS";
				PRODUCT_NAME = "$(TARGET_NAME)";
				SWIFT_EMIT_LOC_STRINGS = YES;
				SWIFT_VERSION = 5.0;
				TARGETED_DEVICE_FAMILY = "1,2";
			};
			name = Debug;
		};
		A15DAB65296AC30700D31118 /* Release */ = {
			isa = XCBuildConfiguration;
			buildSettings = {
				ASSETCATALOG_COMPILER_APPICON_NAME = AppIcon;
				ASSETCATALOG_COMPILER_GLOBAL_ACCENT_COLOR_NAME = AccentColor;
				CODE_SIGN_STYLE = Automatic;
				CURRENT_PROJECT_VERSION = 1;
				DEVELOPMENT_TEAM = PKLN85RDQ6;
				GENERATE_INFOPLIST_FILE = YES;
				INFOPLIST_FILE = "Submission Fundamental iOS/File System/Info.plist";
				INFOPLIST_KEY_UIApplicationSupportsIndirectInputEvents = YES;
				INFOPLIST_KEY_UILaunchStoryboardName = LaunchScreen;
				INFOPLIST_KEY_UISupportedInterfaceOrientations_iPad = "UIInterfaceOrientationPortrait UIInterfaceOrientationPortraitUpsideDown UIInterfaceOrientationLandscapeLeft UIInterfaceOrientationLandscapeRight";
				INFOPLIST_KEY_UISupportedInterfaceOrientations_iPhone = "UIInterfaceOrientationPortrait UIInterfaceOrientationLandscapeLeft UIInterfaceOrientationLandscapeRight";
				LD_RUNPATH_SEARCH_PATHS = (
					"$(inherited)",
					"@executable_path/Frameworks",
				);
				MARKETING_VERSION = 1.0;
				PRODUCT_BUNDLE_IDENTIFIER = "com.mohammadazri.Submission-Fundamental-iOS";
				PRODUCT_NAME = "$(TARGET_NAME)";
				SWIFT_EMIT_LOC_STRINGS = YES;
				SWIFT_VERSION = 5.0;
				TARGETED_DEVICE_FAMILY = "1,2";
			};
			name = Release;
		};
		D5A0A1B32C7BA27C00DAF153 /* Debug */ = {
			isa = XCBuildConfiguration;
			buildSettings = {
				ASSETCATALOG_COMPILER_GENERATE_SWIFT_ASSET_SYMBOL_EXTENSIONS = YES;
				CLANG_CXX_LANGUAGE_STANDARD = "gnu++20";
				CODE_SIGN_STYLE = Automatic;
				CURRENT_PROJECT_VERSION = 1;
				DEVELOPMENT_TEAM = PKLN85RDQ6;
				ENABLE_USER_SCRIPT_SANDBOXING = YES;
				GCC_C_LANGUAGE_STANDARD = gnu17;
				GENERATE_INFOPLIST_FILE = YES;
				IPHONEOS_DEPLOYMENT_TARGET = 17.5;
				LOCALIZATION_PREFERS_STRING_CATALOGS = YES;
				MARKETING_VERSION = 1.0;
				PRODUCT_BUNDLE_IDENTIFIER = "com.mohammadazri.Submission-Fundamental-iOS-UITests";
				PRODUCT_NAME = "$(TARGET_NAME)";
				SWIFT_ACTIVE_COMPILATION_CONDITIONS = "DEBUG $(inherited)";
				SWIFT_EMIT_LOC_STRINGS = NO;
				SWIFT_VERSION = 5.0;
				TARGETED_DEVICE_FAMILY = "1,2";
				TEST_TARGET_NAME = "Submission Fundamental iOS";
			};
			name = Debug;
		};
		D5A0A1B42C7BA27C00DAF153 /* Release */ = {
			isa = XCBuildConfiguration;
			buildSettings = {
				ASSETCATALOG_COMPILER_GENERATE_SWIFT_ASSET_SYMBOL_EXTENSIONS = YES;
				CLANG_CXX_LANGUAGE_STANDARD = "gnu++20";
				CODE_SIGN_STYLE = Automatic;
				CURRENT_PROJECT_VERSION = 1;
				DEVELOPMENT_TEAM = PKLN85RDQ6;
				ENABLE_USER_SCRIPT_SANDBOXING = YES;
				GCC_C_LANGUAGE_STANDARD = gnu17;
				GENERATE_INFOPLIST_FILE = YES;
				IPHONEOS_DEPLOYMENT_TARGET = 17.5;
				LOCALIZATION_PREFERS_STRING_CATALOGS = YES;
				MARKETING_VERSION = 1.0;
				PRODUCT_BUNDLE_IDENTIFIER = "com.mohammadazri.Submission-Fundamental-iOS-UITests";
				PRODUCT_NAME = "$(TARGET_NAME)";
				SWIFT_EMIT_LOC_STRINGS = NO;
				SWIFT_VERSION = 5.0;
				TARGETED_DEVICE_FAMILY = "1,2";
				TEST_TARGET_NAME = "Submission Fundamental iOS";
			};
			name = Release;
		};
		D5A0A1C02C7BA28B00DAF153 /* Debug */ = {
			isa = XCBuildConfiguration;
			buildSettings = {
				ASSETCATALOG_COMPILER_GENERATE_SWIFT_ASSET_SYMBOL_EXTENSIONS = YES;
				BUNDLE_LOADER = "$(TEST_HOST)";
				CLANG_CXX_LANGUAGE_STANDARD = "gnu++20";
				CODE_SIGN_STYLE = Automatic;
				CURRENT_PROJECT_VERSION = 1;
				DEVELOPMENT_TEAM = PKLN85RDQ6;
				ENABLE_USER_SCRIPT_SANDBOXING = YES;
				GCC_C_LANGUAGE_STANDARD = gnu17;
				GENERATE_INFOPLIST_FILE = YES;
				IPHONEOS_DEPLOYMENT_TARGET = 17.5;
				LOCALIZATION_PREFERS_STRING_CATALOGS = YES;
				MARKETING_VERSION = 1.0;
				PRODUCT_BUNDLE_IDENTIFIER = "com.mohammadazri.Submission-Fundamental-iOS-Tests";
				PRODUCT_NAME = "$(TARGET_NAME)";
				SWIFT_ACTIVE_COMPILATION_CONDITIONS = "DEBUG $(inherited)";
				SWIFT_EMIT_LOC_STRINGS = NO;
				SWIFT_VERSION = 5.0;
				TARGETED_DEVICE_FAMILY = "1,2";
				TEST_HOST = "$(BUILT_PRODUCTS_DIR)/Submission Fundamental iOS.app/$(BUNDLE_EXECUTABLE_FOLDER_PATH)/Submission Fundamental iOS";
			};
			name = Debug;
		};
		D5A0A1C12C7BA28B00DAF153 /* Release */ = {
			isa = XCBuildConfiguration;
			buildSettings = {
				ASSETCATALOG_COMPILER_GENERATE_SWIFT_ASSET_SYMBOL_EXTENSIONS = YES;
				BUNDLE_LOADER = "$(TEST_HOST)";
				CLANG_CXX_LANGUAGE_STANDARD = "gnu++20";
				CODE_SIGN_STYLE = Automatic;
				CURRENT_PROJECT_VERSION = 1;
				DEVELOPMENT_TEAM = PKLN85RDQ6;
				ENABLE_USER_SCRIPT_SANDBOXING = YES;
				GCC_C_LANGUAGE_STANDARD = gnu17;
				GENERATE_INFOPLIST_FILE = YES;
				IPHONEOS_DEPLOYMENT_TARGET = 17.5;
				LOCALIZATION_PREFERS_STRING_CATALOGS = YES;
				MARKETING_VERSION = 1.0;
				PRODUCT_BUNDLE_IDENTIFIER = "com.mohammadazri.Submission-Fundamental-iOS-Tests";
				PRODUCT_NAME = "$(TARGET_NAME)";
				SWIFT_EMIT_LOC_STRINGS = NO;
				SWIFT_VERSION = 5.0;
				TARGETED_DEVICE_FAMILY = "1,2";
				TEST_HOST = "$(BUILT_PRODUCTS_DIR)/Submission Fundamental iOS.app/$(BUNDLE_EXECUTABLE_FOLDER_PATH)/Submission Fundamental iOS";
			};
			name = Release;
		};
/* End XCBuildConfiguration section */

/* Begin XCConfigurationList section */
		A15DAB4A296AC30500D31118 /* Build configuration list for PBXProject "Submission Fundamental iOS" */ = {
			isa = XCConfigurationList;
			buildConfigurations = (
				A15DAB61296AC30700D31118 /* Debug */,
				A15DAB62296AC30700D31118 /* Release */,
			);
			defaultConfigurationIsVisible = 0;
			defaultConfigurationName = Release;
		};
		A15DAB63296AC30700D31118 /* Build configuration list for PBXNativeTarget "Submission Fundamental iOS" */ = {
			isa = XCConfigurationList;
			buildConfigurations = (
				A15DAB64296AC30700D31118 /* Debug */,
				A15DAB65296AC30700D31118 /* Release */,
			);
			defaultConfigurationIsVisible = 0;
			defaultConfigurationName = Release;
		};
		D5A0A1B22C7BA27C00DAF153 /* Build configuration list for PBXNativeTarget "Submission Fundamental iOS UITests" */ = {
			isa = XCConfigurationList;
			buildConfigurations = (
				D5A0A1B32C7BA27C00DAF153 /* Debug */,
				D5A0A1B42C7BA27C00DAF153 /* Release */,
			);
			defaultConfigurationIsVisible = 0;
			defaultConfigurationName = Release;
		};
		D5A0A1BF2C7BA28B00DAF153 /* Build configuration list for PBXNativeTarget "Submission Fundamental iOS Tests" */ = {
			isa = XCConfigurationList;
			buildConfigurations = (
				D5A0A1C02C7BA28B00DAF153 /* Debug */,
				D5A0A1C12C7BA28B00DAF153 /* Release */,
			);
			defaultConfigurationIsVisible = 0;
			defaultConfigurationName = Release;
		};
/* End XCConfigurationList section */

/* Begin XCSwiftPackageProductDependency section */
		D50B87AD2C7ACE2E0021BA8E /* Home */ = {
			isa = XCSwiftPackageProductDependency;
			productName = Home;
		};
		D51C1F2D2C7B76B5000785B7 /* DetailGame */ = {
			isa = XCSwiftPackageProductDependency;
			productName = DetailGame;
		};
		D55A0FE72C7B73FC00ED29F0 /* Favorite */ = {
			isa = XCSwiftPackageProductDependency;
			productName = Favorite;
		};
		D55D2F272C79DAF100AAC262 /* Common */ = {
			isa = XCSwiftPackageProductDependency;
			productName = Common;
		};
		D574CD432C7A0E9F00A12FFC /* Core */ = {
			isa = XCSwiftPackageProductDependency;
			productName = Core;
		};
		D574CD452C7A0EAB00A12FFC /* Common */ = {
			isa = XCSwiftPackageProductDependency;
			productName = Common;
		};
		D58442802C7B5C3C0007792F /* Biodata */ = {
			isa = XCSwiftPackageProductDependency;
			productName = Biodata;
		};
		D5FE4C022C79CFB0002615C9 /* Core */ = {
			isa = XCSwiftPackageProductDependency;
			productName = Core;
		};
/* End XCSwiftPackageProductDependency section */
	};
	rootObject = A15DAB47296AC30500D31118 /* Project object */;
}
